{
  "name": "@databio/gtars-node",
  "version": "0.7.0",
  "lockfileVersion": 3,
  "requires": true,
  "packages": {
    "": {
      "name": "@databio/gtars-node",
      "version": "0.7.0",
      "license": "MIT",
      "devDependencies": {
        "@napi-rs/cli": "^2"
      },
      "optionalDependencies": {
        "@databio/gtars-node-darwin-arm64": "0.7.0",
        "@databio/gtars-node-linux-x64-gnu": "0.7.0"
      }
    },
    "node_modules/@databio/gtars-node-darwin-arm64": {
      "version": "0.7.0",
      "resolved": "https://registry.npmjs.org/@databio/gtars-node-darwin-arm64/-/gtars-node-darwin-arm64-0.7.0.tgz",
      "integrity": "sha512-kJVUxZ5Ot1PWmBIV7LUQ5N+Ra3ycOr3gTaTVW7bvh1hTLId7fJFA9cpqveajeWJaQ+SYm8de3OXd+g6IReq5Tg==",
      "cpu": [
        "arm64"
      ],
      "license": "MIT",
      "optional": true,
      "os": [
        "darwin"
      ],
      "engines": {
        "node": ">= 10"
      }
    },
    "node_modules/@databio/gtars-node-linux-x64-gnu": {
      "version": "0.7.0",
      "resolved": "https://registry.npmjs.org/@databio/gtars-node-linux-x64-gnu/-/gtars-node-linux-x64-gnu-0.7.0.tgz",
      "integrity": "sha512-PZWJRoirH87YCxGyW6Qfy+rZrTp8V2OULDOsFB+rQScVPgVMPm5RCfjcL9ToYhadeYbwQUdsGHaGeg86xl7FxQ==",
      "cpu": [
        "x64"
      ],
      "license": "MIT",
      "optional": true,
      "os": [
        "linux"
      ],
      "engines": {
        "node": ">= 10"
      }
    },
    "node_modules/@napi-rs/cli": {
      "version": "2.18.4",
      "resolved": "https://registry.npmjs.org/@napi-rs/cli/-/cli-2.18.4.tgz",
      "integrity": "sha512-SgJeA4df9DE2iAEpr3M2H0OKl/yjtg1BnRI5/JyowS71tUWhrfSu2LT0V3vlHET+g1hBVlrO60PmEXwUEKp8Mg==",
      "dev": true,
      "bin": {
        "napi": "scripts/index.js"
      },
      "engines": {
        "node": ">= 10"
      },
      "funding": {
        "type": "github",
        "url": "https://github.com/sponsors/Brooooooklyn"
      }
    }
  }
}
